
Microsoft Visual Studio Solution File, Format Version 12.00
# Visual Studio 2013
VisualStudioVersion = 12.0.40629.0
MinimumVisualStudioVersion = 10.0.40219.1
Project("{8BC9CEB8-8B4A-11D0-8D11-00A0C91BC942}") = "Rserve", "Rserve\Rserve.vcxproj", "{9A9A0D8A-FBF3-49FC-9A84-F394ACA4E72D}"
EndProject
Project("{2150E333-8FDC-42A3-9474-1A3956D46DE8}") = "Solution Items", "Solution Items", "{A9B64833-041A-472C-A548-5ECFE74E4233}"
EndProject
Project("{8BC9CEB8-8B4A-11D0-8D11-00A0C91BC942}") = "RPackage", "RPackage\RPackage.vcxproj", "{E98C4BED-755C-43C7-A587-04E1BF6EFBE8}"
	ProjectSection(ProjectDependencies) = postProject
		{9A9A0D8A-FBF3-49FC-9A84-F394ACA4E72D} = {9A9A0D8A-FBF3-49FC-9A84-F394ACA4E72D}
	EndProjectSection
EndProject
Global
	GlobalSection(SolutionConfigurationPlatforms) = preSolution
		Debug|Mixed Platforms = Debug|Mixed Platforms
		Debug|Win32 = Debug|Win32
		Debug|x64 = Debug|x64
		Release|Mixed Platforms = Release|Mixed Platforms
		Release|Win32 = Release|Win32
		Release|x64 = Release|x64
	EndGlobalSection
	GlobalSection(ProjectConfigurationPlatforms) = postSolution
		{9A9A0D8A-FBF3-49FC-9A84-F394ACA4E72D}.Debug|Mixed Platforms.ActiveCfg = Debug|x64
		{9A9A0D8A-FBF3-49FC-9A84-F394ACA4E72D}.Debug|Mixed Platforms.Build.0 = Debug|x64
		{9A9A0D8A-FBF3-49FC-9A84-F394ACA4E72D}.Debug|Win32.ActiveCfg = Debug|Win32
		{9A9A0D8A-FBF3-49FC-9A84-F394ACA4E72D}.Debug|Win32.Build.0 = Debug|Win32
		{9A9A0D8A-FBF3-49FC-9A84-F394ACA4E72D}.Debug|x64.ActiveCfg = Debug|x64
		{9A9A0D8A-FBF3-49FC-9A84-F394ACA4E72D}.Debug|x64.Build.0 = Debug|x64
		{9A9A0D8A-FBF3-49FC-9A84-F394ACA4E72D}.Release|Mixed Platforms.ActiveCfg = Release|x64
		{9A9A0D8A-FBF3-49FC-9A84-F394ACA4E72D}.Release|Mixed Platforms.Build.0 = Release|x64
		{9A9A0D8A-FBF3-49FC-9A84-F394ACA4E72D}.Release|Win32.ActiveCfg = Release|Win32
		{9A9A0D8A-FBF3-49FC-9A84-F394ACA4E72D}.Release|Win32.Build.0 = Release|Win32
		{9A9A0D8A-FBF3-49FC-9A84-F394ACA4E72D}.Release|x64.ActiveCfg = Release|x64
		{9A9A0D8A-FBF3-49FC-9A84-F394ACA4E72D}.Release|x64.Build.0 = Release|x64
		{E98C4BED-755C-43C7-A587-04E1BF6EFBE8}.Debug|Mixed Platforms.ActiveCfg = Debug|x64
		{E98C4BED-755C-43C7-A587-04E1BF6EFBE8}.Debug|Mixed Platforms.Build.0 = Debug|x64
		{E98C4BED-755C-43C7-A587-04E1BF6EFBE8}.Debug|Win32.ActiveCfg = Debug|Win32
		{E98C4BED-755C-43C7-A587-04E1BF6EFBE8}.Debug|Win32.Build.0 = Debug|Win32
		{E98C4BED-755C-43C7-A587-04E1BF6EFBE8}.Debug|x64.ActiveCfg = Debug|x64
		{E98C4BED-755C-43C7-A587-04E1BF6EFBE8}.Debug|x64.Build.0 = Debug|x64
		{E98C4BED-755C-43C7-A587-04E1BF6EFBE8}.Release|Mixed Platforms.ActiveCfg = Release|x64
		{E98C4BED-755C-43C7-A587-04E1BF6EFBE8}.Release|Mixed Platforms.Build.0 = Release|x64
		{E98C4BED-755C-43C7-A587-04E1BF6EFBE8}.Release|Win32.ActiveCfg = Release|Win32
		{E98C4BED-755C-43C7-A587-04E1BF6EFBE8}.Release|Win32.Build.0 = Release|Win32
		{E98C4BED-755C-43C7-A587-04E1BF6EFBE8}.Release|x64.ActiveCfg = Release|x64
		{E98C4BED-755C-43C7-A587-04E1BF6EFBE8}.Release|x64.Build.0 = Release|x64
	EndGlobalSection
	GlobalSection(SolutionProperties) = preSolution
		HideSolutionNode = FALSE
	EndGlobalSection
EndGlobal
